
Microsoft Visual Studio Solution File, Format Version 11.00
# Visual Studio 2010
Project("{FAE04EC0-301F-11D3-BF4B-00C04F79EFBC}") = "UserSecurityDemo", "UserSecurityDemo\UserSecurityDemo.csproj", "{05624ED7-2C69-4C8C-BA0D-88BF7136A302}"
	ProjectSection(ProjectDependencies) = postProject
		{8528B1AC-77B5-410C-99B1-D9BDC5B4CBB2} = {8528B1AC-77B5-410C-99B1-D9BDC5B4CBB2}
		{FF22D9BD-8FDF-4AD6-B234-DB685F1C161C} = {FF22D9BD-8FDF-4AD6-B234-DB685F1C161C}
	EndProjectSection
EndProject
Project("{FAE04EC0-301F-11D3-BF4B-00C04F79EFBC}") = "UserSecurityDemo.Web", "UserSecurityDemo.Web\UserSecurityDemo.Web.csproj", "{8528B1AC-77B5-410C-99B1-D9BDC5B4CBB2}"
EndProject
Project("{FAE04EC0-301F-11D3-BF4B-00C04F79EFBC}") = "AnotherServer", "AnotherServer\AnotherServer.csproj", "{FF22D9BD-8FDF-4AD6-B234-DB685F1C161C}"
EndProject
Global
	GlobalSection(SolutionConfigurationPlatforms) = preSolution
		Debug|Any CPU = Debug|Any CPU
		Release|Any CPU = Release|Any CPU
	EndGlobalSection
	GlobalSection(ProjectConfigurationPlatforms) = postSolution
		{05624ED7-2C69-4C8C-BA0D-88BF7136A302}.Debug|Any CPU.ActiveCfg = Debug|Any CPU
		{05624ED7-2C69-4C8C-BA0D-88BF7136A302}.Debug|Any CPU.Build.0 = Debug|Any CPU
		{05624ED7-2C69-4C8C-BA0D-88BF7136A302}.Release|Any CPU.ActiveCfg = Release|Any CPU
		{05624ED7-2C69-4C8C-BA0D-88BF7136A302}.Release|Any CPU.Build.0 = Release|Any CPU
		{8528B1AC-77B5-410C-99B1-D9BDC5B4CBB2}.Debug|Any CPU.ActiveCfg = Debug|Any CPU
		{8528B1AC-77B5-410C-99B1-D9BDC5B4CBB2}.Debug|Any CPU.Build.0 = Debug|Any CPU
		{8528B1AC-77B5-410C-99B1-D9BDC5B4CBB2}.Release|Any CPU.ActiveCfg = Release|Any CPU
		{8528B1AC-77B5-410C-99B1-D9BDC5B4CBB2}.Release|Any CPU.Build.0 = Release|Any CPU
		{FF22D9BD-8FDF-4AD6-B234-DB685F1C161C}.Debug|Any CPU.ActiveCfg = Debug|Any CPU
		{FF22D9BD-8FDF-4AD6-B234-DB685F1C161C}.Debug|Any CPU.Build.0 = Debug|Any CPU
		{FF22D9BD-8FDF-4AD6-B234-DB685F1C161C}.Release|Any CPU.ActiveCfg = Release|Any CPU
		{FF22D9BD-8FDF-4AD6-B234-DB685F1C161C}.Release|Any CPU.Build.0 = Release|Any CPU
	EndGlobalSection
	GlobalSection(SolutionProperties) = preSolution
		HideSolutionNode = FALSE
	EndGlobalSection
EndGlobal
